
Microsoft Visual Studio Solution File, Format Version 12.00
# Visual Studio Version 17
VisualStudioVersion = 17.12.35527.113
MinimumVisualStudioVersion = 10.0.40219.1
Project("{FAE04EC0-301F-11D3-BF4B-00C04F79EFBC}") = "App_Console", "App_Console\App_Console.csproj", "{FB0B6DEB-C3A5-44F9-A546-DA2014F10901}"
EndProject
Project("{2150E333-8FDC-42A3-9474-1A3956D46DE8}") = "Src", "Src", "{070CA4ED-AC9A-473A-81B4-5CE07D5B3125}"
EndProject
Project("{FAE04EC0-301F-11D3-BF4B-00C04F79EFBC}") = "App_WindowsFormsApp", "App_WindowsFormsApp\App_WindowsFormsApp.csproj", "{16F11DC8-5CD3-4758-B128-D3F7FF981129}"
EndProject
Project("{FAE04EC0-301F-11D3-BF4B-00C04F79EFBC}") = "App_WpfApp", "App_WpfApp\App_WpfApp.csproj", "{A40CE63E-C590-4D0C-8E04-70E1D1C63579}"
EndProject
Project("{FAE04EC0-301F-11D3-BF4B-00C04F79EFBC}") = "App_UnitTestProject", "App_UnitTestProject\App_UnitTestProject.csproj", "{0F05E195-F798-4E17-811E-2C5FEA8F688C}"
EndProject
Project("{FAE04EC0-301F-11D3-BF4B-00C04F79EFBC}") = "App_EdgeDriverTest", "App_EdgeDriverTest\App_EdgeDriverTest.csproj", "{F3360E3F-CCE4-45A2-8FAB-14EE72A77189}"
EndProject
Project("{FAE04EC0-301F-11D3-BF4B-00C04F79EFBC}") = "App_WindowsService", "App_WindowsService\App_WindowsService.csproj", "{A221B52D-4837-40F7-8127-65AA86FD14E2}"
EndProject
Project("{FAE04EC0-301F-11D3-BF4B-00C04F79EFBC}") = "App_WpfBrowserApp", "App_WpfBrowserApp\App_WpfBrowserApp.csproj", "{37A068BC-ECFA-467F-ADC1-8F532DFD5417}"
EndProject
Project("{2150E333-8FDC-42A3-9474-1A3956D46DE8}") = "Test", "Test", "{54EBBDD6-DFE2-4F4F-BD64-1FC71D04D58C}"
EndProject
Global
	GlobalSection(SolutionConfigurationPlatforms) = preSolution
		Debug|Any CPU = Debug|Any CPU
		Release|Any CPU = Release|Any CPU
	EndGlobalSection
	GlobalSection(ProjectConfigurationPlatforms) = postSolution
		{FB0B6DEB-C3A5-44F9-A546-DA2014F10901}.Debug|Any CPU.ActiveCfg = Debug|Any CPU
		{FB0B6DEB-C3A5-44F9-A546-DA2014F10901}.Debug|Any CPU.Build.0 = Debug|Any CPU
		{FB0B6DEB-C3A5-44F9-A546-DA2014F10901}.Release|Any CPU.ActiveCfg = Release|Any CPU
		{FB0B6DEB-C3A5-44F9-A546-DA2014F10901}.Release|Any CPU.Build.0 = Release|Any CPU
		{16F11DC8-5CD3-4758-B128-D3F7FF981129}.Debug|Any CPU.ActiveCfg = Debug|Any CPU
		{16F11DC8-5CD3-4758-B128-D3F7FF981129}.Debug|Any CPU.Build.0 = Debug|Any CPU
		{16F11DC8-5CD3-4758-B128-D3F7FF981129}.Release|Any CPU.ActiveCfg = Release|Any CPU
		{16F11DC8-5CD3-4758-B128-D3F7FF981129}.Release|Any CPU.Build.0 = Release|Any CPU
		{A40CE63E-C590-4D0C-8E04-70E1D1C63579}.Debug|Any CPU.ActiveCfg = Debug|Any CPU
		{A40CE63E-C590-4D0C-8E04-70E1D1C63579}.Debug|Any CPU.Build.0 = Debug|Any CPU
		{A40CE63E-C590-4D0C-8E04-70E1D1C63579}.Release|Any CPU.ActiveCfg = Release|Any CPU
		{A40CE63E-C590-4D0C-8E04-70E1D1C63579}.Release|Any CPU.Build.0 = Release|Any CPU
		{0F05E195-F798-4E17-811E-2C5FEA8F688C}.Debug|Any CPU.ActiveCfg = Debug|Any CPU
		{0F05E195-F798-4E17-811E-2C5FEA8F688C}.Debug|Any CPU.Build.0 = Debug|Any CPU
		{0F05E195-F798-4E17-811E-2C5FEA8F688C}.Release|Any CPU.ActiveCfg = Release|Any CPU
		{0F05E195-F798-4E17-811E-2C5FEA8F688C}.Release|Any CPU.Build.0 = Release|Any CPU
		{F3360E3F-CCE4-45A2-8FAB-14EE72A77189}.Debug|Any CPU.ActiveCfg = Debug|Any CPU
		{F3360E3F-CCE4-45A2-8FAB-14EE72A77189}.Debug|Any CPU.Build.0 = Debug|Any CPU
		{F3360E3F-CCE4-45A2-8FAB-14EE72A77189}.Release|Any CPU.ActiveCfg = Release|Any CPU
		{F3360E3F-CCE4-45A2-8FAB-14EE72A77189}.Release|Any CPU.Build.0 = Release|Any CPU
		{A221B52D-4837-40F7-8127-65AA86FD14E2}.Debug|Any CPU.ActiveCfg = Debug|Any CPU
		{A221B52D-4837-40F7-8127-65AA86FD14E2}.Debug|Any CPU.Build.0 = Debug|Any CPU
		{A221B52D-4837-40F7-8127-65AA86FD14E2}.Release|Any CPU.ActiveCfg = Release|Any CPU
		{A221B52D-4837-40F7-8127-65AA86FD14E2}.Release|Any CPU.Build.0 = Release|Any CPU
		{37A068BC-ECFA-467F-ADC1-8F532DFD5417}.Debug|Any CPU.ActiveCfg = Debug|Any CPU
		{37A068BC-ECFA-467F-ADC1-8F532DFD5417}.Debug|Any CPU.Build.0 = Debug|Any CPU
		{37A068BC-ECFA-467F-ADC1-8F532DFD5417}.Release|Any CPU.ActiveCfg = Release|Any CPU
		{37A068BC-ECFA-467F-ADC1-8F532DFD5417}.Release|Any CPU.Build.0 = Release|Any CPU
	EndGlobalSection
	GlobalSection(SolutionProperties) = preSolution
		HideSolutionNode = FALSE
	EndGlobalSection
	GlobalSection(NestedProjects) = preSolution
		{FB0B6DEB-C3A5-44F9-A546-DA2014F10901} = {070CA4ED-AC9A-473A-81B4-5CE07D5B3125}
		{16F11DC8-5CD3-4758-B128-D3F7FF981129} = {070CA4ED-AC9A-473A-81B4-5CE07D5B3125}
		{A40CE63E-C590-4D0C-8E04-70E1D1C63579} = {070CA4ED-AC9A-473A-81B4-5CE07D5B3125}
		{0F05E195-F798-4E17-811E-2C5FEA8F688C} = {54EBBDD6-DFE2-4F4F-BD64-1FC71D04D58C}
		{F3360E3F-CCE4-45A2-8FAB-14EE72A77189} = {54EBBDD6-DFE2-4F4F-BD64-1FC71D04D58C}
		{A221B52D-4837-40F7-8127-65AA86FD14E2} = {070CA4ED-AC9A-473A-81B4-5CE07D5B3125}
		{37A068BC-ECFA-467F-ADC1-8F532DFD5417} = {070CA4ED-AC9A-473A-81B4-5CE07D5B3125}
	EndGlobalSection
EndGlobal
